
Microsoft Visual Studio Solution File, Format Version 12.00
# Visual Studio Version 17
VisualStudioVersion = 17.0.31903.59
MinimumVisualStudioVersion = 10.0.40219.1
Project("{2150E333-8FDC-42A3-9474-1A3956D46DE8}") = "src", "src", "{827E0CD3-B72D-47B6-A68D-7590B98EB39B}"
EndProject
Project("{FAE04EC0-301F-11D3-BF4B-00C04F79EFBC}") = "YouG.Domain", "src\YouG.Domain\YouG.Domain.csproj", "{98CB6082-0F4F-4991-9A16-2B188EE4411D}"
EndProject
Project("{FAE04EC0-301F-11D3-BF4B-00C04F79EFBC}") = "YouG.Application", "src\YouG.Application\YouG.Application.csproj", "{F957345E-67E8-480A-8D9F-5FDFEBA10E0C}"
EndProject
Project("{FAE04EC0-301F-11D3-BF4B-00C04F79EFBC}") = "YouG.Infrastructure", "src\YouG.Infrastructure\YouG.Infrastructure.csproj", "{DBF7AB7F-24F4-4222-ACE5-8073CF902858}"
EndProject
Project("{FAE04EC0-301F-11D3-BF4B-00C04F79EFBC}") = "YouG.API", "src\YouG.API\YouG.API.csproj", "{8E6D7EBA-1F1A-4328-B77B-EB035472F928}"
EndProject
Project("{FAE04EC0-301F-11D3-BF4B-00C04F79EFBC}") = "YouG.Domain.Tests", "tests\YouG.Domain.Tests\YouG.Domain.Tests.csproj", "{C4595D0B-5394-442C-94D0-13194E44F632}"
EndProject
Project("{FAE04EC0-301F-11D3-BF4B-00C04F79EFBC}") = "YouG.Application.Tests", "tests\YouG.Application.Tests\YouG.Application.Tests.csproj", "{2875A7ED-1584-49D7-932A-748A2D8E145A}"
EndProject
Project("{FAE04EC0-301F-11D3-BF4B-00C04F79EFBC}") = "YouG.API.IntegrationTests", "tests\YouG.API.IntegrationTests\YouG.API.IntegrationTests.csproj", "{CD14F8FF-1E63-48DD-ADC8-EA930190085D}"
EndProject
Project("{FAE04EC0-301F-11D3-BF4B-00C04F79EFBC}") = "YouG.ArchitectureTests", "tests\YouG.ArchitectureTests\YouG.ArchitectureTests.csproj", "{823ACF77-8868-4A4F-ADF9-9FFAAEA9DEB8}"
EndProject
Global
	GlobalSection(SolutionConfigurationPlatforms) = preSolution
		Debug|Any CPU = Debug|Any CPU
		Debug|x64 = Debug|x64
		Debug|x86 = Debug|x86
		Release|Any CPU = Release|Any CPU
		Release|x64 = Release|x64
		Release|x86 = Release|x86
	EndGlobalSection
	GlobalSection(ProjectConfigurationPlatforms) = postSolution
		{98CB6082-0F4F-4991-9A16-2B188EE4411D}.Debug|Any CPU.ActiveCfg = Debug|Any CPU
		{98CB6082-0F4F-4991-9A16-2B188EE4411D}.Debug|Any CPU.Build.0 = Debug|Any CPU
		{98CB6082-0F4F-4991-9A16-2B188EE4411D}.Debug|x64.ActiveCfg = Debug|Any CPU
		{98CB6082-0F4F-4991-9A16-2B188EE4411D}.Debug|x64.Build.0 = Debug|Any CPU
		{98CB6082-0F4F-4991-9A16-2B188EE4411D}.Debug|x86.ActiveCfg = Debug|Any CPU
		{98CB6082-0F4F-4991-9A16-2B188EE4411D}.Debug|x86.Build.0 = Debug|Any CPU
		{98CB6082-0F4F-4991-9A16-2B188EE4411D}.Release|Any CPU.ActiveCfg = Release|Any CPU
		{98CB6082-0F4F-4991-9A16-2B188EE4411D}.Release|Any CPU.Build.0 = Release|Any CPU
		{98CB6082-0F4F-4991-9A16-2B188EE4411D}.Release|x64.ActiveCfg = Release|Any CPU
		{98CB6082-0F4F-4991-9A16-2B188EE4411D}.Release|x64.Build.0 = Release|Any CPU
		{98CB6082-0F4F-4991-9A16-2B188EE4411D}.Release|x86.ActiveCfg = Release|Any CPU
		{98CB6082-0F4F-4991-9A16-2B188EE4411D}.Release|x86.Build.0 = Release|Any CPU
		{F957345E-67E8-480A-8D9F-5FDFEBA10E0C}.Debug|Any CPU.ActiveCfg = Debug|Any CPU
		{F957345E-67E8-480A-8D9F-5FDFEBA10E0C}.Debug|Any CPU.Build.0 = Debug|Any CPU
		{F957345E-67E8-480A-8D9F-5FDFEBA10E0C}.Debug|x64.ActiveCfg = Debug|Any CPU
		{F957345E-67E8-480A-8D9F-5FDFEBA10E0C}.Debug|x64.Build.0 = Debug|Any CPU
		{F957345E-67E8-480A-8D9F-5FDFEBA10E0C}.Debug|x86.ActiveCfg = Debug|Any CPU
		{F957345E-67E8-480A-8D9F-5FDFEBA10E0C}.Debug|x86.Build.0 = Debug|Any CPU
		{F957345E-67E8-480A-8D9F-5FDFEBA10E0C}.Release|Any CPU.ActiveCfg = Release|Any CPU
		{F957345E-67E8-480A-8D9F-5FDFEBA10E0C}.Release|Any CPU.Build.0 = Release|Any CPU
		{F957345E-67E8-480A-8D9F-5FDFEBA10E0C}.Release|x64.ActiveCfg = Release|Any CPU
		{F957345E-67E8-480A-8D9F-5FDFEBA10E0C}.Release|x64.Build.0 = Release|Any CPU
		{F957345E-67E8-480A-8D9F-5FDFEBA10E0C}.Release|x86.ActiveCfg = Release|Any CPU
		{F957345E-67E8-480A-8D9F-5FDFEBA10E0C}.Release|x86.Build.0 = Release|Any CPU
		{DBF7AB7F-24F4-4222-ACE5-8073CF902858}.Debug|Any CPU.ActiveCfg = Debug|Any CPU
		{DBF7AB7F-24F4-4222-ACE5-8073CF902858}.Debug|Any CPU.Build.0 = Debug|Any CPU
		{DBF7AB7F-24F4-4222-ACE5-8073CF902858}.Debug|x64.ActiveCfg = Debug|Any CPU
		{DBF7AB7F-24F4-4222-ACE5-8073CF902858}.Debug|x64.Build.0 = Debug|Any CPU
		{DBF7AB7F-24F4-4222-ACE5-8073CF902858}.Debug|x86.ActiveCfg = Debug|Any CPU
		{DBF7AB7F-24F4-4222-ACE5-8073CF902858}.Debug|x86.Build.0 = Debug|Any CPU
		{DBF7AB7F-24F4-4222-ACE5-8073CF902858}.Release|Any CPU.ActiveCfg = Release|Any CPU
		{DBF7AB7F-24F4-4222-ACE5-8073CF902858}.Release|Any CPU.Build.0 = Release|Any CPU
		{DBF7AB7F-24F4-4222-ACE5-8073CF902858}.Release|x64.ActiveCfg = Release|Any CPU
		{DBF7AB7F-24F4-4222-ACE5-8073CF902858}.Release|x64.Build.0 = Release|Any CPU
		{DBF7AB7F-24F4-4222-ACE5-8073CF902858}.Release|x86.ActiveCfg = Release|Any CPU
		{DBF7AB7F-24F4-4222-ACE5-8073CF902858}.Release|x86.Build.0 = Release|Any CPU
		{8E6D7EBA-1F1A-4328-B77B-EB035472F928}.Debug|Any CPU.ActiveCfg = Debug|Any CPU
		{8E6D7EBA-1F1A-4328-B77B-EB035472F928}.Debug|Any CPU.Build.0 = Debug|Any CPU
		{8E6D7EBA-1F1A-4328-B77B-EB035472F928}.Debug|x64.ActiveCfg = Debug|Any CPU
		{8E6D7EBA-1F1A-4328-B77B-EB035472F928}.Debug|x64.Build.0 = Debug|Any CPU
		{8E6D7EBA-1F1A-4328-B77B-EB035472F928}.Debug|x86.ActiveCfg = Debug|Any CPU
		{8E6D7EBA-1F1A-4328-B77B-EB035472F928}.Debug|x86.Build.0 = Debug|Any CPU
		{8E6D7EBA-1F1A-4328-B77B-EB035472F928}.Release|Any CPU.ActiveCfg = Release|Any CPU
		{8E6D7EBA-1F1A-4328-B77B-EB035472F928}.Release|Any CPU.Build.0 = Release|Any CPU
		{8E6D7EBA-1F1A-4328-B77B-EB035472F928}.Release|x64.ActiveCfg = Release|Any CPU
		{8E6D7EBA-1F1A-4328-B77B-EB035472F928}.Release|x64.Build.0 = Release|Any CPU
		{8E6D7EBA-1F1A-4328-B77B-EB035472F928}.Release|x86.ActiveCfg = Release|Any CPU
		{8E6D7EBA-1F1A-4328-B77B-EB035472F928}.Release|x86.Build.0 = Release|Any CPU
		{C4595D0B-5394-442C-94D0-13194E44F632}.Debug|Any CPU.ActiveCfg = Debug|Any CPU
		{C4595D0B-5394-442C-94D0-13194E44F632}.Debug|Any CPU.Build.0 = Debug|Any CPU
		{C4595D0B-5394-442C-94D0-13194E44F632}.Debug|x64.ActiveCfg = Debug|Any CPU
		{C4595D0B-5394-442C-94D0-13194E44F632}.Debug|x64.Build.0 = Debug|Any CPU
		{C4595D0B-5394-442C-94D0-13194E44F632}.Debug|x86.ActiveCfg = Debug|Any CPU
		{C4595D0B-5394-442C-94D0-13194E44F632}.Debug|x86.Build.0 = Debug|Any CPU
		{C4595D0B-5394-442C-94D0-13194E44F632}.Release|Any CPU.ActiveCfg = Release|Any CPU
		{C4595D0B-5394-442C-94D0-13194E44F632}.Release|Any CPU.Build.0 = Release|Any CPU
		{C4595D0B-5394-442C-94D0-13194E44F632}.Release|x64.ActiveCfg = Release|Any CPU
		{C4595D0B-5394-442C-94D0-13194E44F632}.Release|x64.Build.0 = Release|Any CPU
		{C4595D0B-5394-442C-94D0-13194E44F632}.Release|x86.ActiveCfg = Release|Any CPU
		{C4595D0B-5394-442C-94D0-13194E44F632}.Release|x86.Build.0 = Release|Any CPU
		{2875A7ED-1584-49D7-932A-748A2D8E145A}.Debug|Any CPU.ActiveCfg = Debug|Any CPU
		{2875A7ED-1584-49D7-932A-748A2D8E145A}.Debug|Any CPU.Build.0 = Debug|Any CPU
		{2875A7ED-1584-49D7-932A-748A2D8E145A}.Debug|x64.ActiveCfg = Debug|Any CPU
		{2875A7ED-1584-49D7-932A-748A2D8E145A}.Debug|x64.Build.0 = Debug|Any CPU
		{2875A7ED-1584-49D7-932A-748A2D8E145A}.Debug|x86.ActiveCfg = Debug|Any CPU
		{2875A7ED-1584-49D7-932A-748A2D8E145A}.Debug|x86.Build.0 = Debug|Any CPU
		{2875A7ED-1584-49D7-932A-748A2D8E145A}.Release|Any CPU.ActiveCfg = Release|Any CPU
		{2875A7ED-1584-49D7-932A-748A2D8E145A}.Release|Any CPU.Build.0 = Release|Any CPU
		{2875A7ED-1584-49D7-932A-748A2D8E145A}.Release|x64.ActiveCfg = Release|Any CPU
		{2875A7ED-1584-49D7-932A-748A2D8E145A}.Release|x64.Build.0 = Release|Any CPU
		{2875A7ED-1584-49D7-932A-748A2D8E145A}.Release|x86.ActiveCfg = Release|Any CPU
		{2875A7ED-1584-49D7-932A-748A2D8E145A}.Release|x86.Build.0 = Release|Any CPU
		{CD14F8FF-1E63-48DD-ADC8-EA930190085D}.Debug|Any CPU.ActiveCfg = Debug|Any CPU
		{CD14F8FF-1E63-48DD-ADC8-EA930190085D}.Debug|Any CPU.Build.0 = Debug|Any CPU
		{CD14F8FF-1E63-48DD-ADC8-EA930190085D}.Debug|x64.ActiveCfg = Debug|Any CPU
		{CD14F8FF-1E63-48DD-ADC8-EA930190085D}.Debug|x64.Build.0 = Debug|Any CPU
		{CD14F8FF-1E63-48DD-ADC8-EA930190085D}.Debug|x86.ActiveCfg = Debug|Any CPU
		{CD14F8FF-1E63-48DD-ADC8-EA930190085D}.Debug|x86.Build.0 = Debug|Any CPU
		{CD14F8FF-1E63-48DD-ADC8-EA930190085D}.Release|Any CPU.ActiveCfg = Release|Any CPU
		{CD14F8FF-1E63-48DD-ADC8-EA930190085D}.Release|Any CPU.Build.0 = Release|Any CPU
		{CD14F8FF-1E63-48DD-ADC8-EA930190085D}.Release|x64.ActiveCfg = Release|Any CPU
		{CD14F8FF-1E63-48DD-ADC8-EA930190085D}.Release|x64.Build.0 = Release|Any CPU
		{CD14F8FF-1E63-48DD-ADC8-EA930190085D}.Release|x86.ActiveCfg = Release|Any CPU
		{CD14F8FF-1E63-48DD-ADC8-EA930190085D}.Release|x86.Build.0 = Release|Any CPU
		{823ACF77-8868-4A4F-ADF9-9FFAAEA9DEB8}.Debug|Any CPU.ActiveCfg = Debug|Any CPU
		{823ACF77-8868-4A4F-ADF9-9FFAAEA9DEB8}.Debug|Any CPU.Build.0 = Debug|Any CPU
		{823ACF77-8868-4A4F-ADF9-9FFAAEA9DEB8}.Debug|x64.ActiveCfg = Debug|Any CPU
		{823ACF77-8868-4A4F-ADF9-9FFAAEA9DEB8}.Debug|x64.Build.0 = Debug|Any CPU
		{823ACF77-8868-4A4F-ADF9-9FFAAEA9DEB8}.Debug|x86.ActiveCfg = Debug|Any CPU
		{823ACF77-8868-4A4F-ADF9-9FFAAEA9DEB8}.Debug|x86.Build.0 = Debug|Any CPU
		{823ACF77-8868-4A4F-ADF9-9FFAAEA9DEB8}.Release|Any CPU.ActiveCfg = Release|Any CPU
		{823ACF77-8868-4A4F-ADF9-9FFAAEA9DEB8}.Release|Any CPU.Build.0 = Release|Any CPU
		{823ACF77-8868-4A4F-ADF9-9FFAAEA9DEB8}.Release|x64.ActiveCfg = Release|Any CPU
		{823ACF77-8868-4A4F-ADF9-9FFAAEA9DEB8}.Release|x64.Build.0 = Release|Any CPU
		{823ACF77-8868-4A4F-ADF9-9FFAAEA9DEB8}.Release|x86.ActiveCfg = Release|Any CPU
		{823ACF77-8868-4A4F-ADF9-9FFAAEA9DEB8}.Release|x86.Build.0 = Release|Any CPU
	EndGlobalSection
	GlobalSection(SolutionProperties) = preSolution
		HideSolutionNode = FALSE
	EndGlobalSection
	GlobalSection(NestedProjects) = preSolution
		{98CB6082-0F4F-4991-9A16-2B188EE4411D} = {827E0CD3-B72D-47B6-A68D-7590B98EB39B}
		{F957345E-67E8-480A-8D9F-5FDFEBA10E0C} = {827E0CD3-B72D-47B6-A68D-7590B98EB39B}
		{DBF7AB7F-24F4-4222-ACE5-8073CF902858} = {827E0CD3-B72D-47B6-A68D-7590B98EB39B}
		{8E6D7EBA-1F1A-4328-B77B-EB035472F928} = {827E0CD3-B72D-47B6-A68D-7590B98EB39B}
		{C4595D0B-5394-442C-94D0-13194E44F632} = {827E0CD3-B72D-47B6-A68D-7590B98EB39B}
		{2875A7ED-1584-49D7-932A-748A2D8E145A} = {827E0CD3-B72D-47B6-A68D-7590B98EB39B}
		{CD14F8FF-1E63-48DD-ADC8-EA930190085D} = {827E0CD3-B72D-47B6-A68D-7590B98EB39B}
		{823ACF77-8868-4A4F-ADF9-9FFAAEA9DEB8} = {827E0CD3-B72D-47B6-A68D-7590B98EB39B}
	EndGlobalSection
EndGlobal
